# This file is autogenerated, do not edit; changes may be undone by the next 'dep ensure'.


[[projects]]
  digest = "1:9f3b30d9f8e0d7040f729b82dcbc8f0dead820a133b3147ce355fc451f32d761"
  name = "github.com/BurntSushi/toml"
  packages = ["."]
  pruneopts = "UT"
  revision = "3012a1dbe2e4bd1391d42b32f0577cb7bbc7f005"
  version = "v0.3.1"

[[projects]]
  branch = "master"
  digest = "1:8bb962964b8be6233e95424986054c9de9b2532b323b79a955e984347ff75891"
  name = "golang.org/x/tools"
  packages = [
    "go/ast/astutil",
    "go/buildutil",
    "go/gcexportdata",
    "go/internal/cgo",
    "go/internal/gcimporter",
    "go/internal/packagesdriver",
    "go/loader",
    "go/packages",
    "go/types/typeutil",
    "internal/fastwalk",
    "internal/gopathwalk",
    "internal/semver",
  ]
  pruneopts = "UT"
  revision = "421f03a57a641a72b8ea4ceb640e73391675fc6f"

[[projects]]
  digest = "1:6b626a942a0c24fa8900e9feee7521d85b25d542a00b40f5e8a16bd80e9cfe53"
  name = "honnef.co/go/tools"
  packages = [
    "config",
    "lint",
    "lint/lintdsl",
    "lint/lintutil",
    "lint/lintutil/format",
    "lint/testutil",
    "ssa",
    "ssa/ssautil",
    "version",
  ]
  pruneopts = "UT"
  revision = "c2f93a96b099cbbec1de36336ab049ffa620e6d7"
  version = "2019.1"

[solve-meta]
  analyzer-name = "dep"
  analyzer-version = 1
  input-imports = [
    "golang.org/x/tools/go/packages",
    "golang.org/x/tools/go/types/typeutil",
    "honnef.co/go/tools/lint",
    "honnef.co/go/tools/lint/lintdsl",
    "honnef.co/go/tools/lint/lintutil",
    "honnef.co/go/tools/lint/testutil",
  ]
  solver-name = "gps-cdcl"
  solver-version = 1
